
Microsoft Visual Studio Solution File, Format Version 12.00
# Visual Studio Version 16
VisualStudioVersion = 16.0.29009.5
MinimumVisualStudioVersion = 10.0.40219.1
Project("{9A19103F-16F7-4668-BE54-9A1E7A4F7556}") = "DailyMark", "DailyMark\DailyMark.csproj", "{4CB55422-2443-49D9-B002-2426DBD0EBDE}"
EndProject
Project("{2150E333-8FDC-42A3-9474-1A3956D46DE8}") = "Solution Items", "Solution Items", "{CD053C45-5743-46D5-B190-B8C7E36D0F9E}"
	ProjectSection(SolutionItems) = preProject
		LICENSE = LICENSE
		Readme.md = Readme.md
	EndProjectSection
EndProject
Project("{9A19103F-16F7-4668-BE54-9A1E7A4F7556}") = "DailyMarkTest", "DailyMarkTest\DailyMarkTest.csproj", "{6279AB1D-1DA5-4B2E-9B6D-9412503A8C8B}"
EndProject
Project("{FAE04EC0-301F-11D3-BF4B-00C04F79EFBC}") = "DailyMarkLib", "DailyMarkLib\DailyMarkLib.csproj", "{DD9F72BE-DA4C-4067-89F0-2FF7712F4708}"
EndProject
Global
	GlobalSection(SolutionConfigurationPlatforms) = preSolution
		Debug|Any CPU = Debug|Any CPU
		Release|Any CPU = Release|Any CPU
	EndGlobalSection
	GlobalSection(ProjectConfigurationPlatforms) = postSolution
		{4CB55422-2443-49D9-B002-2426DBD0EBDE}.Debug|Any CPU.ActiveCfg = Debug|Any CPU
		{4CB55422-2443-49D9-B002-2426DBD0EBDE}.Debug|Any CPU.Build.0 = Debug|Any CPU
		{4CB55422-2443-49D9-B002-2426DBD0EBDE}.Release|Any CPU.ActiveCfg = Release|Any CPU
		{4CB55422-2443-49D9-B002-2426DBD0EBDE}.Release|Any CPU.Build.0 = Release|Any CPU
		{6279AB1D-1DA5-4B2E-9B6D-9412503A8C8B}.Debug|Any CPU.ActiveCfg = Debug|Any CPU
		{6279AB1D-1DA5-4B2E-9B6D-9412503A8C8B}.Debug|Any CPU.Build.0 = Debug|Any CPU
		{6279AB1D-1DA5-4B2E-9B6D-9412503A8C8B}.Release|Any CPU.ActiveCfg = Release|Any CPU
		{6279AB1D-1DA5-4B2E-9B6D-9412503A8C8B}.Release|Any CPU.Build.0 = Release|Any CPU
		{DD9F72BE-DA4C-4067-89F0-2FF7712F4708}.Debug|Any CPU.ActiveCfg = Debug|Any CPU
		{DD9F72BE-DA4C-4067-89F0-2FF7712F4708}.Debug|Any CPU.Build.0 = Debug|Any CPU
		{DD9F72BE-DA4C-4067-89F0-2FF7712F4708}.Release|Any CPU.ActiveCfg = Release|Any CPU
		{DD9F72BE-DA4C-4067-89F0-2FF7712F4708}.Release|Any CPU.Build.0 = Release|Any CPU
	EndGlobalSection
	GlobalSection(SolutionProperties) = preSolution
		HideSolutionNode = FALSE
	EndGlobalSection
	GlobalSection(ExtensibilityGlobals) = postSolution
		SolutionGuid = {F56E5BDD-1F58-46B7-9221-9A9E07F6F9AE}
	EndGlobalSection
EndGlobal
